
Microsoft Visual Studio Solution File, Format Version 12.00
# Visual Studio Version 18
VisualStudioVersion = 18.3.11520.95
MinimumVisualStudioVersion = 10.0.40219.1
Project("{2150E333-8FDC-42A3-9474-1A3956D46DE8}") = "Solution Items", "Solution Items", "{F923189F-788B-45E0-A4DC-2932E0658298}"
	ProjectSection(SolutionItems) = preProject
		.editorconfig = .editorconfig
		Plugins\Directory.Build.targets = Plugins\Directory.Build.targets
		notes.md = notes.md
	EndProjectSection
EndProject
Project("{FAE04EC0-301F-11D3-BF4B-00C04F79EFBC}") = "RpgCompanion.Prototypes.MassTransit", "RpgCompanion.Prototypes.MassTransit\RpgCompanion.Prototypes.MassTransit.csproj", "{3AF0FC9A-CCED-4D5D-A3BA-BDC12708ADF0}"
EndProject
Project("{FAE04EC0-301F-11D3-BF4B-00C04F79EFBC}") = "RpgCompanion.Host", "RpgCompanion.Host\RpgCompanion.Host.csproj", "{B2F3806B-8149-42C1-94A5-1C2D487AB9FB}"
EndProject
Project("{FAE04EC0-301F-11D3-BF4B-00C04F79EFBC}") = "RpgCompanion.Canva", "RpgCompanion.Canva\RpgCompanion.Canva.csproj", "{81AD4B31-28D3-4E46-9A28-0E659BECBBF1}"
EndProject
Project("{FAE04EC0-301F-11D3-BF4B-00C04F79EFBC}") = "RpgCompanion.Core", "RpgCompanion.Core\RpgCompanion.Core.csproj", "{FC239D76-B100-4431-8BD8-DCB4E7E82B9B}"
EndProject
Project("{FAE04EC0-301F-11D3-BF4B-00C04F79EFBC}") = "RpgCompanion.DnD", "RpgCompanion.DnD\RpgCompanion.DnD.csproj", "{CEDCEA19-E429-4C90-B99A-210A62765088}"
EndProject
Project("{FAE04EC0-301F-11D3-BF4B-00C04F79EFBC}") = "RpgCompanion.Prototypes.Manual", "RpgCompanion.Prototypes.Manual\RpgCompanion.Prototypes.Manual.csproj", "{975D7FF5-B132-4937-AF97-4DB71B5DE900}"
EndProject
Project("{FAE04EC0-301F-11D3-BF4B-00C04F79EFBC}") = "RpgCompanion.Prototypes.Quartz", "RpgCompanion.Prototypes.Quartz\RpgCompanion.Prototypes.Quartz.csproj", "{C34EE8D9-472C-4675-A4D9-873923A93DC0}"
EndProject
Global
	GlobalSection(SolutionConfigurationPlatforms) = preSolution
		Debug|Any CPU = Debug|Any CPU
		Release|Any CPU = Release|Any CPU
	EndGlobalSection
	GlobalSection(ProjectConfigurationPlatforms) = postSolution
		{3AF0FC9A-CCED-4D5D-A3BA-BDC12708ADF0}.Debug|Any CPU.ActiveCfg = Debug|Any CPU
		{3AF0FC9A-CCED-4D5D-A3BA-BDC12708ADF0}.Debug|Any CPU.Build.0 = Debug|Any CPU
		{3AF0FC9A-CCED-4D5D-A3BA-BDC12708ADF0}.Release|Any CPU.ActiveCfg = Release|Any CPU
		{3AF0FC9A-CCED-4D5D-A3BA-BDC12708ADF0}.Release|Any CPU.Build.0 = Release|Any CPU
		{B2F3806B-8149-42C1-94A5-1C2D487AB9FB}.Debug|Any CPU.ActiveCfg = Debug|Any CPU
		{B2F3806B-8149-42C1-94A5-1C2D487AB9FB}.Debug|Any CPU.Build.0 = Debug|Any CPU
		{B2F3806B-8149-42C1-94A5-1C2D487AB9FB}.Release|Any CPU.ActiveCfg = Release|Any CPU
		{B2F3806B-8149-42C1-94A5-1C2D487AB9FB}.Release|Any CPU.Build.0 = Release|Any CPU
		{81AD4B31-28D3-4E46-9A28-0E659BECBBF1}.Debug|Any CPU.ActiveCfg = Debug|Any CPU
		{81AD4B31-28D3-4E46-9A28-0E659BECBBF1}.Debug|Any CPU.Build.0 = Debug|Any CPU
		{81AD4B31-28D3-4E46-9A28-0E659BECBBF1}.Release|Any CPU.ActiveCfg = Release|Any CPU
		{81AD4B31-28D3-4E46-9A28-0E659BECBBF1}.Release|Any CPU.Build.0 = Release|Any CPU
		{FC239D76-B100-4431-8BD8-DCB4E7E82B9B}.Debug|Any CPU.ActiveCfg = Debug|Any CPU
		{FC239D76-B100-4431-8BD8-DCB4E7E82B9B}.Debug|Any CPU.Build.0 = Debug|Any CPU
		{FC239D76-B100-4431-8BD8-DCB4E7E82B9B}.Release|Any CPU.ActiveCfg = Release|Any CPU
		{FC239D76-B100-4431-8BD8-DCB4E7E82B9B}.Release|Any CPU.Build.0 = Release|Any CPU
		{CEDCEA19-E429-4C90-B99A-210A62765088}.Debug|Any CPU.ActiveCfg = Debug|Any CPU
		{CEDCEA19-E429-4C90-B99A-210A62765088}.Debug|Any CPU.Build.0 = Debug|Any CPU
		{CEDCEA19-E429-4C90-B99A-210A62765088}.Release|Any CPU.ActiveCfg = Release|Any CPU
		{CEDCEA19-E429-4C90-B99A-210A62765088}.Release|Any CPU.Build.0 = Release|Any CPU
		{975D7FF5-B132-4937-AF97-4DB71B5DE900}.Debug|Any CPU.ActiveCfg = Debug|Any CPU
		{975D7FF5-B132-4937-AF97-4DB71B5DE900}.Debug|Any CPU.Build.0 = Debug|Any CPU
		{975D7FF5-B132-4937-AF97-4DB71B5DE900}.Release|Any CPU.ActiveCfg = Release|Any CPU
		{975D7FF5-B132-4937-AF97-4DB71B5DE900}.Release|Any CPU.Build.0 = Release|Any CPU
		{C34EE8D9-472C-4675-A4D9-873923A93DC0}.Debug|Any CPU.ActiveCfg = Debug|Any CPU
		{C34EE8D9-472C-4675-A4D9-873923A93DC0}.Debug|Any CPU.Build.0 = Debug|Any CPU
		{C34EE8D9-472C-4675-A4D9-873923A93DC0}.Release|Any CPU.ActiveCfg = Release|Any CPU
		{C34EE8D9-472C-4675-A4D9-873923A93DC0}.Release|Any CPU.Build.0 = Release|Any CPU
	EndGlobalSection
	GlobalSection(SolutionProperties) = preSolution
		HideSolutionNode = FALSE
	EndGlobalSection
	GlobalSection(ExtensibilityGlobals) = postSolution
		SolutionGuid = {D8EF88DC-73EA-4C11-9356-1571AE75C6CF}
	EndGlobalSection
	GlobalSection(NestedProjects) = preSolution
	EndGlobalSection
EndGlobal
